
Microsoft Visual Studio Solution File, Format Version 12.00
# Visual Studio 15
VisualStudioVersion = 15.0.26430.13
MinimumVisualStudioVersion = 10.0.40219.1
Project("{FAE04EC0-301F-11D3-BF4B-00C04F79EFBC}") = "XAccel.Android", "XAccel\XAccel.Android\XAccel.Android.csproj", "{5EB7A7B6-77B1-47D5-8C87-2CE33DE80CD3}"
EndProject
Project("{FAE04EC0-301F-11D3-BF4B-00C04F79EFBC}") = "XAccel", "XAccel\XAccel\XAccel.csproj", "{6ABD6BBA-592A-410D-8174-D85F2903B985}"
EndProject
Project("{FAE04EC0-301F-11D3-BF4B-00C04F79EFBC}") = "XAccel.UWP", "XAccel\XAccel.UWP\XAccel.UWP.csproj", "{A8775FC2-6629-4735-A9E0-AEECB3E68BFC}"
EndProject
Project("{FAE04EC0-301F-11D3-BF4B-00C04F79EFBC}") = "XAccel.iOS", "XAccel\XAccel.iOS\XAccel.iOS.csproj", "{0F5A5DD0-2133-46E2-89CF-CBBA26BF6C84}"
EndProject
Global
	GlobalSection(SolutionConfigurationPlatforms) = preSolution
		Ad-Hoc|Any CPU = Ad-Hoc|Any CPU
		Ad-Hoc|ARM = Ad-Hoc|ARM
		Ad-Hoc|iPhone = Ad-Hoc|iPhone
		Ad-Hoc|iPhoneSimulator = Ad-Hoc|iPhoneSimulator
		Ad-Hoc|x64 = Ad-Hoc|x64
		Ad-Hoc|x86 = Ad-Hoc|x86
		AppStore|Any CPU = AppStore|Any CPU
		AppStore|ARM = AppStore|ARM
		AppStore|iPhone = AppStore|iPhone
		AppStore|iPhoneSimulator = AppStore|iPhoneSimulator
		AppStore|x64 = AppStore|x64
		AppStore|x86 = AppStore|x86
		Debug|Any CPU = Debug|Any CPU
		Debug|ARM = Debug|ARM
		Debug|iPhone = Debug|iPhone
		Debug|iPhoneSimulator = Debug|iPhoneSimulator
		Debug|x64 = Debug|x64
		Debug|x86 = Debug|x86
		Release|Any CPU = Release|Any CPU
		Release|ARM = Release|ARM
		Release|iPhone = Release|iPhone
		Release|iPhoneSimulator = Release|iPhoneSimulator
		Release|x64 = Release|x64
		Release|x86 = Release|x86
	EndGlobalSection
	GlobalSection(ProjectConfigurationPlatforms) = postSolution
		{5EB7A7B6-77B1-47D5-8C87-2CE33DE80CD3}.Ad-Hoc|Any CPU.ActiveCfg = Release|Any CPU
		{5EB7A7B6-77B1-47D5-8C87-2CE33DE80CD3}.Ad-Hoc|Any CPU.Build.0 = Release|Any CPU
		{5EB7A7B6-77B1-47D5-8C87-2CE33DE80CD3}.Ad-Hoc|Any CPU.Deploy.0 = Release|Any CPU
		{5EB7A7B6-77B1-47D5-8C87-2CE33DE80CD3}.Ad-Hoc|ARM.ActiveCfg = Release|Any CPU
		{5EB7A7B6-77B1-47D5-8C87-2CE33DE80CD3}.Ad-Hoc|ARM.Build.0 = Release|Any CPU
		{5EB7A7B6-77B1-47D5-8C87-2CE33DE80CD3}.Ad-Hoc|ARM.Deploy.0 = Release|Any CPU
		{5EB7A7B6-77B1-47D5-8C87-2CE33DE80CD3}.Ad-Hoc|iPhone.ActiveCfg = Release|Any CPU
		{5EB7A7B6-77B1-47D5-8C87-2CE33DE80CD3}.Ad-Hoc|iPhone.Build.0 = Release|Any CPU
		{5EB7A7B6-77B1-47D5-8C87-2CE33DE80CD3}.Ad-Hoc|iPhone.Deploy.0 = Release|Any CPU
		{5EB7A7B6-77B1-47D5-8C87-2CE33DE80CD3}.Ad-Hoc|iPhoneSimulator.ActiveCfg = Release|Any CPU
		{5EB7A7B6-77B1-47D5-8C87-2CE33DE80CD3}.Ad-Hoc|iPhoneSimulator.Build.0 = Release|Any CPU
		{5EB7A7B6-77B1-47D5-8C87-2CE33DE80CD3}.Ad-Hoc|iPhoneSimulator.Deploy.0 = Release|Any CPU
		{5EB7A7B6-77B1-47D5-8C87-2CE33DE80CD3}.Ad-Hoc|x64.ActiveCfg = Release|Any CPU
		{5EB7A7B6-77B1-47D5-8C87-2CE33DE80CD3}.Ad-Hoc|x64.Build.0 = Release|Any CPU
		{5EB7A7B6-77B1-47D5-8C87-2CE33DE80CD3}.Ad-Hoc|x64.Deploy.0 = Release|Any CPU
		{5EB7A7B6-77B1-47D5-8C87-2CE33DE80CD3}.Ad-Hoc|x86.ActiveCfg = Release|Any CPU
		{5EB7A7B6-77B1-47D5-8C87-2CE33DE80CD3}.Ad-Hoc|x86.Build.0 = Release|Any CPU
		{5EB7A7B6-77B1-47D5-8C87-2CE33DE80CD3}.Ad-Hoc|x86.Deploy.0 = Release|Any CPU
		{5EB7A7B6-77B1-47D5-8C87-2CE33DE80CD3}.AppStore|Any CPU.ActiveCfg = Release|Any CPU
		{5EB7A7B6-77B1-47D5-8C87-2CE33DE80CD3}.AppStore|Any CPU.Build.0 = Release|Any CPU
		{5EB7A7B6-77B1-47D5-8C87-2CE33DE80CD3}.AppStore|Any CPU.Deploy.0 = Release|Any CPU
		{5EB7A7B6-77B1-47D5-8C87-2CE33DE80CD3}.AppStore|ARM.ActiveCfg = Release|Any CPU
		{5EB7A7B6-77B1-47D5-8C87-2CE33DE80CD3}.AppStore|ARM.Build.0 = Release|Any CPU
		{5EB7A7B6-77B1-47D5-8C87-2CE33DE80CD3}.AppStore|ARM.Deploy.0 = Release|Any CPU
		{5EB7A7B6-77B1-47D5-8C87-2CE33DE80CD3}.AppStore|iPhone.ActiveCfg = Release|Any CPU
		{5EB7A7B6-77B1-47D5-8C87-2CE33DE80CD3}.AppStore|iPhone.Build.0 = Release|Any CPU
		{5EB7A7B6-77B1-47D5-8C87-2CE33DE80CD3}.AppStore|iPhone.Deploy.0 = Release|Any CPU
		{5EB7A7B6-77B1-47D5-8C87-2CE33DE80CD3}.AppStore|iPhoneSimulator.ActiveCfg = Release|Any CPU
		{5EB7A7B6-77B1-47D5-8C87-2CE33DE80CD3}.AppStore|iPhoneSimulator.Build.0 = Release|Any CPU
		{5EB7A7B6-77B1-47D5-8C87-2CE33DE80CD3}.AppStore|iPhoneSimulator.Deploy.0 = Release|Any CPU
		{5EB7A7B6-77B1-47D5-8C87-2CE33DE80CD3}.AppStore|x64.ActiveCfg = Release|Any CPU
		{5EB7A7B6-77B1-47D5-8C87-2CE33DE80CD3}.AppStore|x64.Build.0 = Release|Any CPU
		{5EB7A7B6-77B1-47D5-8C87-2CE33DE80CD3}.AppStore|x64.Deploy.0 = Release|Any CPU
		{5EB7A7B6-77B1-47D5-8C87-2CE33DE80CD3}.AppStore|x86.ActiveCfg = Release|Any CPU
		{5EB7A7B6-77B1-47D5-8C87-2CE33DE80CD3}.AppStore|x86.Build.0 = Release|Any CPU
		{5EB7A7B6-77B1-47D5-8C87-2CE33DE80CD3}.AppStore|x86.Deploy.0 = Release|Any CPU
		{5EB7A7B6-77B1-47D5-8C87-2CE33DE80CD3}.Debug|Any CPU.ActiveCfg = Debug|Any CPU
		{5EB7A7B6-77B1-47D5-8C87-2CE33DE80CD3}.Debug|Any CPU.Build.0 = Debug|Any CPU
		{5EB7A7B6-77B1-47D5-8C87-2CE33DE80CD3}.Debug|Any CPU.Deploy.0 = Debug|Any CPU
		{5EB7A7B6-77B1-47D5-8C87-2CE33DE80CD3}.Debug|ARM.ActiveCfg = Debug|Any CPU
		{5EB7A7B6-77B1-47D5-8C87-2CE33DE80CD3}.Debug|ARM.Build.0 = Debug|Any CPU
		{5EB7A7B6-77B1-47D5-8C87-2CE33DE80CD3}.Debug|ARM.Deploy.0 = Debug|Any CPU
		{5EB7A7B6-77B1-47D5-8C87-2CE33DE80CD3}.Debug|iPhone.ActiveCfg = Debug|Any CPU
		{5EB7A7B6-77B1-47D5-8C87-2CE33DE80CD3}.Debug|iPhone.Build.0 = Debug|Any CPU
		{5EB7A7B6-77B1-47D5-8C87-2CE33DE80CD3}.Debug|iPhone.Deploy.0 = Debug|Any CPU
		{5EB7A7B6-77B1-47D5-8C87-2CE33DE80CD3}.Debug|iPhoneSimulator.ActiveCfg = Debug|Any CPU
		{5EB7A7B6-77B1-47D5-8C87-2CE33DE80CD3}.Debug|iPhoneSimulator.Build.0 = Debug|Any CPU
		{5EB7A7B6-77B1-47D5-8C87-2CE33DE80CD3}.Debug|iPhoneSimulator.Deploy.0 = Debug|Any CPU
		{5EB7A7B6-77B1-47D5-8C87-2CE33DE80CD3}.Debug|x64.ActiveCfg = Debug|Any CPU
		{5EB7A7B6-77B1-47D5-8C87-2CE33DE80CD3}.Debug|x64.Build.0 = Debug|Any CPU
		{5EB7A7B6-77B1-47D5-8C87-2CE33DE80CD3}.Debug|x64.Deploy.0 = Debug|Any CPU
		{5EB7A7B6-77B1-47D5-8C87-2CE33DE80CD3}.Debug|x86.ActiveCfg = Debug|Any CPU
		{5EB7A7B6-77B1-47D5-8C87-2CE33DE80CD3}.Debug|x86.Build.0 = Debug|Any CPU
		{5EB7A7B6-77B1-47D5-8C87-2CE33DE80CD3}.Debug|x86.Deploy.0 = Debug|Any CPU
		{5EB7A7B6-77B1-47D5-8C87-2CE33DE80CD3}.Release|Any CPU.ActiveCfg = Release|Any CPU
		{5EB7A7B6-77B1-47D5-8C87-2CE33DE80CD3}.Release|Any CPU.Build.0 = Release|Any CPU
		{5EB7A7B6-77B1-47D5-8C87-2CE33DE80CD3}.Release|Any CPU.Deploy.0 = Release|Any CPU
		{5EB7A7B6-77B1-47D5-8C87-2CE33DE80CD3}.Release|ARM.ActiveCfg = Release|Any CPU
		{5EB7A7B6-77B1-47D5-8C87-2CE33DE80CD3}.Release|ARM.Build.0 = Release|Any CPU
		{5EB7A7B6-77B1-47D5-8C87-2CE33DE80CD3}.Release|ARM.Deploy.0 = Release|Any CPU
		{5EB7A7B6-77B1-47D5-8C87-2CE33DE80CD3}.Release|iPhone.ActiveCfg = Release|Any CPU
		{5EB7A7B6-77B1-47D5-8C87-2CE33DE80CD3}.Release|iPhone.Build.0 = Release|Any CPU
		{5EB7A7B6-77B1-47D5-8C87-2CE33DE80CD3}.Release|iPhone.Deploy.0 = Release|Any CPU
		{5EB7A7B6-77B1-47D5-8C87-2CE33DE80CD3}.Release|iPhoneSimulator.ActiveCfg = Release|Any CPU
		{5EB7A7B6-77B1-47D5-8C87-2CE33DE80CD3}.Release|iPhoneSimulator.Build.0 = Release|Any CPU
		{5EB7A7B6-77B1-47D5-8C87-2CE33DE80CD3}.Release|iPhoneSimulator.Deploy.0 = Release|Any CPU
		{5EB7A7B6-77B1-47D5-8C87-2CE33DE80CD3}.Release|x64.ActiveCfg = Release|Any CPU
		{5EB7A7B6-77B1-47D5-8C87-2CE33DE80CD3}.Release|x64.Build.0 = Release|Any CPU
		{5EB7A7B6-77B1-47D5-8C87-2CE33DE80CD3}.Release|x64.Deploy.0 = Release|Any CPU
		{5EB7A7B6-77B1-47D5-8C87-2CE33DE80CD3}.Release|x86.ActiveCfg = Release|Any CPU
		{5EB7A7B6-77B1-47D5-8C87-2CE33DE80CD3}.Release|x86.Build.0 = Release|Any CPU
		{5EB7A7B6-77B1-47D5-8C87-2CE33DE80CD3}.Release|x86.Deploy.0 = Release|Any CPU
		{6ABD6BBA-592A-410D-8174-D85F2903B985}.Ad-Hoc|Any CPU.ActiveCfg = Release|Any CPU
		{6ABD6BBA-592A-410D-8174-D85F2903B985}.Ad-Hoc|Any CPU.Build.0 = Release|Any CPU
		{6ABD6BBA-592A-410D-8174-D85F2903B985}.Ad-Hoc|ARM.ActiveCfg = Release|Any CPU
		{6ABD6BBA-592A-410D-8174-D85F2903B985}.Ad-Hoc|ARM.Build.0 = Release|Any CPU
		{6ABD6BBA-592A-410D-8174-D85F2903B985}.Ad-Hoc|iPhone.ActiveCfg = Release|Any CPU
		{6ABD6BBA-592A-410D-8174-D85F2903B985}.Ad-Hoc|iPhone.Build.0 = Release|Any CPU
		{6ABD6BBA-592A-410D-8174-D85F2903B985}.Ad-Hoc|iPhoneSimulator.ActiveCfg = Release|Any CPU
		{6ABD6BBA-592A-410D-8174-D85F2903B985}.Ad-Hoc|iPhoneSimulator.Build.0 = Release|Any CPU
		{6ABD6BBA-592A-410D-8174-D85F2903B985}.Ad-Hoc|x64.ActiveCfg = Release|Any CPU
		{6ABD6BBA-592A-410D-8174-D85F2903B985}.Ad-Hoc|x64.Build.0 = Release|Any CPU
		{6ABD6BBA-592A-410D-8174-D85F2903B985}.Ad-Hoc|x86.ActiveCfg = Release|Any CPU
		{6ABD6BBA-592A-410D-8174-D85F2903B985}.Ad-Hoc|x86.Build.0 = Release|Any CPU
		{6ABD6BBA-592A-410D-8174-D85F2903B985}.AppStore|Any CPU.ActiveCfg = Release|Any CPU
		{6ABD6BBA-592A-410D-8174-D85F2903B985}.AppStore|Any CPU.Build.0 = Release|Any CPU
		{6ABD6BBA-592A-410D-8174-D85F2903B985}.AppStore|ARM.ActiveCfg = Release|Any CPU
		{6ABD6BBA-592A-410D-8174-D85F2903B985}.AppStore|ARM.Build.0 = Release|Any CPU
		{6ABD6BBA-592A-410D-8174-D85F2903B985}.AppStore|iPhone.ActiveCfg = Release|Any CPU
		{6ABD6BBA-592A-410D-8174-D85F2903B985}.AppStore|iPhone.Build.0 = Release|Any CPU
		{6ABD6BBA-592A-410D-8174-D85F2903B985}.AppStore|iPhoneSimulator.ActiveCfg = Release|Any CPU
		{6ABD6BBA-592A-410D-8174-D85F2903B985}.AppStore|iPhoneSimulator.Build.0 = Release|Any CPU
		{6ABD6BBA-592A-410D-8174-D85F2903B985}.AppStore|x64.ActiveCfg = Release|Any CPU
		{6ABD6BBA-592A-410D-8174-D85F2903B985}.AppStore|x64.Build.0 = Release|Any CPU
		{6ABD6BBA-592A-410D-8174-D85F2903B985}.AppStore|x86.ActiveCfg = Release|Any CPU
		{6ABD6BBA-592A-410D-8174-D85F2903B985}.AppStore|x86.Build.0 = Release|Any CPU
		{6ABD6BBA-592A-410D-8174-D85F2903B985}.Debug|Any CPU.ActiveCfg = Debug|Any CPU
		{6ABD6BBA-592A-410D-8174-D85F2903B985}.Debug|Any CPU.Build.0 = Debug|Any CPU
		{6ABD6BBA-592A-410D-8174-D85F2903B985}.Debug|ARM.ActiveCfg = Debug|Any CPU
		{6ABD6BBA-592A-410D-8174-D85F2903B985}.Debug|ARM.Build.0 = Debug|Any CPU
		{6ABD6BBA-592A-410D-8174-D85F2903B985}.Debug|iPhone.ActiveCfg = Debug|Any CPU
		{6ABD6BBA-592A-410D-8174-D85F2903B985}.Debug|iPhone.Build.0 = Debug|Any CPU
		{6ABD6BBA-592A-410D-8174-D85F2903B985}.Debug|iPhoneSimulator.ActiveCfg = Debug|Any CPU
		{6ABD6BBA-592A-410D-8174-D85F2903B985}.Debug|iPhoneSimulator.Build.0 = Debug|Any CPU
		{6ABD6BBA-592A-410D-8174-D85F2903B985}.Debug|x64.ActiveCfg = Debug|Any CPU
		{6ABD6BBA-592A-410D-8174-D85F2903B985}.Debug|x64.Build.0 = Debug|Any CPU
		{6ABD6BBA-592A-410D-8174-D85F2903B985}.Debug|x86.ActiveCfg = Debug|Any CPU
		{6ABD6BBA-592A-410D-8174-D85F2903B985}.Debug|x86.Build.0 = Debug|Any CPU
		{6ABD6BBA-592A-410D-8174-D85F2903B985}.Release|Any CPU.ActiveCfg = Release|Any CPU
		{6ABD6BBA-592A-410D-8174-D85F2903B985}.Release|Any CPU.Build.0 = Release|Any CPU
		{6ABD6BBA-592A-410D-8174-D85F2903B985}.Release|ARM.ActiveCfg = Release|Any CPU
		{6ABD6BBA-592A-410D-8174-D85F2903B985}.Release|ARM.Build.0 = Release|Any CPU
		{6ABD6BBA-592A-410D-8174-D85F2903B985}.Release|iPhone.ActiveCfg = Release|Any CPU
		{6ABD6BBA-592A-410D-8174-D85F2903B985}.Release|iPhone.Build.0 = Release|Any CPU
		{6ABD6BBA-592A-410D-8174-D85F2903B985}.Release|iPhoneSimulator.ActiveCfg = Release|Any CPU
		{6ABD6BBA-592A-410D-8174-D85F2903B985}.Release|iPhoneSimulator.Build.0 = Release|Any CPU
		{6ABD6BBA-592A-410D-8174-D85F2903B985}.Release|x64.ActiveCfg = Release|Any CPU
		{6ABD6BBA-592A-410D-8174-D85F2903B985}.Release|x64.Build.0 = Release|Any CPU
		{6ABD6BBA-592A-410D-8174-D85F2903B985}.Release|x86.ActiveCfg = Release|Any CPU
		{6ABD6BBA-592A-410D-8174-D85F2903B985}.Release|x86.Build.0 = Release|Any CPU
		{A8775FC2-6629-4735-A9E0-AEECB3E68BFC}.Ad-Hoc|Any CPU.ActiveCfg = Release|x86
		{A8775FC2-6629-4735-A9E0-AEECB3E68BFC}.Ad-Hoc|Any CPU.Build.0 = Release|x86
		{A8775FC2-6629-4735-A9E0-AEECB3E68BFC}.Ad-Hoc|Any CPU.Deploy.0 = Release|x86
		{A8775FC2-6629-4735-A9E0-AEECB3E68BFC}.Ad-Hoc|ARM.ActiveCfg = Release|ARM
		{A8775FC2-6629-4735-A9E0-AEECB3E68BFC}.Ad-Hoc|ARM.Build.0 = Release|ARM
		{A8775FC2-6629-4735-A9E0-AEECB3E68BFC}.Ad-Hoc|ARM.Deploy.0 = Release|ARM
		{A8775FC2-6629-4735-A9E0-AEECB3E68BFC}.Ad-Hoc|iPhone.ActiveCfg = Release|x86
		{A8775FC2-6629-4735-A9E0-AEECB3E68BFC}.Ad-Hoc|iPhone.Build.0 = Release|x86
		{A8775FC2-6629-4735-A9E0-AEECB3E68BFC}.Ad-Hoc|iPhone.Deploy.0 = Release|x86
		{A8775FC2-6629-4735-A9E0-AEECB3E68BFC}.Ad-Hoc|iPhoneSimulator.ActiveCfg = Release|x86
		{A8775FC2-6629-4735-A9E0-AEECB3E68BFC}.Ad-Hoc|iPhoneSimulator.Build.0 = Release|x86
		{A8775FC2-6629-4735-A9E0-AEECB3E68BFC}.Ad-Hoc|iPhoneSimulator.Deploy.0 = Release|x86
		{A8775FC2-6629-4735-A9E0-AEECB3E68BFC}.Ad-Hoc|x64.ActiveCfg = Release|x64
		{A8775FC2-6629-4735-A9E0-AEECB3E68BFC}.Ad-Hoc|x64.Build.0 = Release|x64
		{A8775FC2-6629-4735-A9E0-AEECB3E68BFC}.Ad-Hoc|x64.Deploy.0 = Release|x64
		{A8775FC2-6629-4735-A9E0-AEECB3E68BFC}.Ad-Hoc|x86.ActiveCfg = Release|x86
		{A8775FC2-6629-4735-A9E0-AEECB3E68BFC}.Ad-Hoc|x86.Build.0 = Release|x86
		{A8775FC2-6629-4735-A9E0-AEECB3E68BFC}.Ad-Hoc|x86.Deploy.0 = Release|x86
		{A8775FC2-6629-4735-A9E0-AEECB3E68BFC}.AppStore|Any CPU.ActiveCfg = Release|x86
		{A8775FC2-6629-4735-A9E0-AEECB3E68BFC}.AppStore|Any CPU.Build.0 = Release|x86
		{A8775FC2-6629-4735-A9E0-AEECB3E68BFC}.AppStore|Any CPU.Deploy.0 = Release|x86
		{A8775FC2-6629-4735-A9E0-AEECB3E68BFC}.AppStore|ARM.ActiveCfg = Release|ARM
		{A8775FC2-6629-4735-A9E0-AEECB3E68BFC}.AppStore|ARM.Build.0 = Release|ARM
		{A8775FC2-6629-4735-A9E0-AEECB3E68BFC}.AppStore|ARM.Deploy.0 = Release|ARM
		{A8775FC2-6629-4735-A9E0-AEECB3E68BFC}.AppStore|iPhone.ActiveCfg = Release|x86
		{A8775FC2-6629-4735-A9E0-AEECB3E68BFC}.AppStore|iPhone.Build.0 = Release|x86
		{A8775FC2-6629-4735-A9E0-AEECB3E68BFC}.AppStore|iPhone.Deploy.0 = Release|x86
		{A8775FC2-6629-4735-A9E0-AEECB3E68BFC}.AppStore|iPhoneSimulator.ActiveCfg = Release|x86
		{A8775FC2-6629-4735-A9E0-AEECB3E68BFC}.AppStore|iPhoneSimulator.Build.0 = Release|x86
		{A8775FC2-6629-4735-A9E0-AEECB3E68BFC}.AppStore|iPhoneSimulator.Deploy.0 = Release|x86
		{A8775FC2-6629-4735-A9E0-AEECB3E68BFC}.AppStore|x64.ActiveCfg = Release|x64
		{A8775FC2-6629-4735-A9E0-AEECB3E68BFC}.AppStore|x64.Build.0 = Release|x64
		{A8775FC2-6629-4735-A9E0-AEECB3E68BFC}.AppStore|x64.Deploy.0 = Release|x64
		{A8775FC2-6629-4735-A9E0-AEECB3E68BFC}.AppStore|x86.ActiveCfg = Release|x86
		{A8775FC2-6629-4735-A9E0-AEECB3E68BFC}.AppStore|x86.Build.0 = Release|x86
		{A8775FC2-6629-4735-A9E0-AEECB3E68BFC}.AppStore|x86.Deploy.0 = Release|x86
		{A8775FC2-6629-4735-A9E0-AEECB3E68BFC}.Debug|Any CPU.ActiveCfg = Debug|x86
		{A8775FC2-6629-4735-A9E0-AEECB3E68BFC}.Debug|ARM.ActiveCfg = Debug|ARM
		{A8775FC2-6629-4735-A9E0-AEECB3E68BFC}.Debug|ARM.Build.0 = Debug|ARM
		{A8775FC2-6629-4735-A9E0-AEECB3E68BFC}.Debug|ARM.Deploy.0 = Debug|ARM
		{A8775FC2-6629-4735-A9E0-AEECB3E68BFC}.Debug|iPhone.ActiveCfg = Debug|x86
		{A8775FC2-6629-4735-A9E0-AEECB3E68BFC}.Debug|iPhoneSimulator.ActiveCfg = Debug|x86
		{A8775FC2-6629-4735-A9E0-AEECB3E68BFC}.Debug|x64.ActiveCfg = Debug|x64
		{A8775FC2-6629-4735-A9E0-AEECB3E68BFC}.Debug|x64.Build.0 = Debug|x64
		{A8775FC2-6629-4735-A9E0-AEECB3E68BFC}.Debug|x64.Deploy.0 = Debug|x64
		{A8775FC2-6629-4735-A9E0-AEECB3E68BFC}.Debug|x86.ActiveCfg = Debug|x86
		{A8775FC2-6629-4735-A9E0-AEECB3E68BFC}.Debug|x86.Build.0 = Debug|x86
		{A8775FC2-6629-4735-A9E0-AEECB3E68BFC}.Debug|x86.Deploy.0 = Debug|x86
		{A8775FC2-6629-4735-A9E0-AEECB3E68BFC}.Release|Any CPU.ActiveCfg = Release|x86
		{A8775FC2-6629-4735-A9E0-AEECB3E68BFC}.Release|ARM.ActiveCfg = Release|ARM
		{A8775FC2-6629-4735-A9E0-AEECB3E68BFC}.Release|ARM.Build.0 = Release|ARM
		{A8775FC2-6629-4735-A9E0-AEECB3E68BFC}.Release|ARM.Deploy.0 = Release|ARM
		{A8775FC2-6629-4735-A9E0-AEECB3E68BFC}.Release|iPhone.ActiveCfg = Release|x86
		{A8775FC2-6629-4735-A9E0-AEECB3E68BFC}.Release|iPhoneSimulator.ActiveCfg = Release|x86
		{A8775FC2-6629-4735-A9E0-AEECB3E68BFC}.Release|x64.ActiveCfg = Release|x64
		{A8775FC2-6629-4735-A9E0-AEECB3E68BFC}.Release|x64.Build.0 = Release|x64
		{A8775FC2-6629-4735-A9E0-AEECB3E68BFC}.Release|x64.Deploy.0 = Release|x64
		{A8775FC2-6629-4735-A9E0-AEECB3E68BFC}.Release|x86.ActiveCfg = Release|x86
		{A8775FC2-6629-4735-A9E0-AEECB3E68BFC}.Release|x86.Build.0 = Release|x86
		{A8775FC2-6629-4735-A9E0-AEECB3E68BFC}.Release|x86.Deploy.0 = Release|x86
		{0F5A5DD0-2133-46E2-89CF-CBBA26BF6C84}.Ad-Hoc|Any CPU.ActiveCfg = Ad-Hoc|iPhone
		{0F5A5DD0-2133-46E2-89CF-CBBA26BF6C84}.Ad-Hoc|ARM.ActiveCfg = Ad-Hoc|iPhone
		{0F5A5DD0-2133-46E2-89CF-CBBA26BF6C84}.Ad-Hoc|iPhone.ActiveCfg = Ad-Hoc|iPhone
		{0F5A5DD0-2133-46E2-89CF-CBBA26BF6C84}.Ad-Hoc|iPhone.Build.0 = Ad-Hoc|iPhone
		{0F5A5DD0-2133-46E2-89CF-CBBA26BF6C84}.Ad-Hoc|iPhoneSimulator.ActiveCfg = Ad-Hoc|iPhoneSimulator
		{0F5A5DD0-2133-46E2-89CF-CBBA26BF6C84}.Ad-Hoc|iPhoneSimulator.Build.0 = Ad-Hoc|iPhoneSimulator
		{0F5A5DD0-2133-46E2-89CF-CBBA26BF6C84}.Ad-Hoc|x64.ActiveCfg = Ad-Hoc|iPhone
		{0F5A5DD0-2133-46E2-89CF-CBBA26BF6C84}.Ad-Hoc|x86.ActiveCfg = Ad-Hoc|iPhone
		{0F5A5DD0-2133-46E2-89CF-CBBA26BF6C84}.AppStore|Any CPU.ActiveCfg = AppStore|iPhone
		{0F5A5DD0-2133-46E2-89CF-CBBA26BF6C84}.AppStore|ARM.ActiveCfg = AppStore|iPhone
		{0F5A5DD0-2133-46E2-89CF-CBBA26BF6C84}.AppStore|iPhone.ActiveCfg = AppStore|iPhone
		{0F5A5DD0-2133-46E2-89CF-CBBA26BF6C84}.AppStore|iPhone.Build.0 = AppStore|iPhone
		{0F5A5DD0-2133-46E2-89CF-CBBA26BF6C84}.AppStore|iPhoneSimulator.ActiveCfg = AppStore|iPhoneSimulator
		{0F5A5DD0-2133-46E2-89CF-CBBA26BF6C84}.AppStore|iPhoneSimulator.Build.0 = AppStore|iPhoneSimulator
		{0F5A5DD0-2133-46E2-89CF-CBBA26BF6C84}.AppStore|x64.ActiveCfg = AppStore|iPhone
		{0F5A5DD0-2133-46E2-89CF-CBBA26BF6C84}.AppStore|x86.ActiveCfg = AppStore|iPhone
		{0F5A5DD0-2133-46E2-89CF-CBBA26BF6C84}.Debug|Any CPU.ActiveCfg = Debug|iPhone
		{0F5A5DD0-2133-46E2-89CF-CBBA26BF6C84}.Debug|ARM.ActiveCfg = Debug|iPhone
		{0F5A5DD0-2133-46E2-89CF-CBBA26BF6C84}.Debug|iPhone.ActiveCfg = Debug|iPhone
		{0F5A5DD0-2133-46E2-89CF-CBBA26BF6C84}.Debug|iPhone.Build.0 = Debug|iPhone
		{0F5A5DD0-2133-46E2-89CF-CBBA26BF6C84}.Debug|iPhoneSimulator.ActiveCfg = Debug|iPhoneSimulator
		{0F5A5DD0-2133-46E2-89CF-CBBA26BF6C84}.Debug|iPhoneSimulator.Build.0 = Debug|iPhoneSimulator
		{0F5A5DD0-2133-46E2-89CF-CBBA26BF6C84}.Debug|x64.ActiveCfg = Debug|iPhone
		{0F5A5DD0-2133-46E2-89CF-CBBA26BF6C84}.Debug|x86.ActiveCfg = Debug|iPhone
		{0F5A5DD0-2133-46E2-89CF-CBBA26BF6C84}.Release|Any CPU.ActiveCfg = Release|iPhone
		{0F5A5DD0-2133-46E2-89CF-CBBA26BF6C84}.Release|ARM.ActiveCfg = Release|iPhone
		{0F5A5DD0-2133-46E2-89CF-CBBA26BF6C84}.Release|iPhone.ActiveCfg = Release|iPhone
		{0F5A5DD0-2133-46E2-89CF-CBBA26BF6C84}.Release|iPhone.Build.0 = Release|iPhone
		{0F5A5DD0-2133-46E2-89CF-CBBA26BF6C84}.Release|iPhoneSimulator.ActiveCfg = Release|iPhoneSimulator
		{0F5A5DD0-2133-46E2-89CF-CBBA26BF6C84}.Release|iPhoneSimulator.Build.0 = Release|iPhoneSimulator
		{0F5A5DD0-2133-46E2-89CF-CBBA26BF6C84}.Release|x64.ActiveCfg = Release|iPhone
		{0F5A5DD0-2133-46E2-89CF-CBBA26BF6C84}.Release|x86.ActiveCfg = Release|iPhone
	EndGlobalSection
	GlobalSection(SolutionProperties) = preSolution
		HideSolutionNode = FALSE
	EndGlobalSection
EndGlobal
